{
  "name": "observer",
  "version": "1.0.0",
  "lockfileVersion": 1,
  "requires": true,
  "dependencies": {
    "rollup-plugin-alias": {
      "version": "1.4.0",
      "resolved": "https://registry.npmjs.org/rollup-plugin-alias/-/rollup-plugin-alias-1.4.0.tgz",
      "integrity": "sha512-lB094zdi19FS+1bVarVp9kBN0Zk41PdTGoCk0z8xesKO7RGjOo18cp1hUzEqrOQ4bM9+KLD9nbnu/XUxQm9pbg==",
      "requires": {
        "slash": "1.0.0"
      }
    },
    "slash": {
      "version": "1.0.0",
      "resolved": "https://registry.npmjs.org/slash/-/slash-1.0.0.tgz",
      "integrity": "sha1-xB8vbDn8FtHNF61LXYlhFK5HDVU="
    }
  }
}
